
Microsoft Visual Studio Solution File, Format Version 12.00
# Visual Studio Version 17
VisualStudioVersion = 17.1.32407.343
MinimumVisualStudioVersion = 10.0.40219.1
Project("{9A19103F-16F7-4668-BE54-9A1E7A4F7556}") = "PetShopApi", "PetShopApi\PetShopApi.csproj", "{5E107E27-0C30-4EAA-9564-9B4CF07B90B3}"
EndProject
Project("{FAE04EC0-301F-11D3-BF4B-00C04F79EFBC}") = "DAL", "DAL\DAL.csproj", "{6295143B-6759-499C-BC3D-D703F5CF9D4A}"
EndProject
Project("{FAE04EC0-301F-11D3-BF4B-00C04F79EFBC}") = "BLL", "BLL\BLL.csproj", "{5644631F-4964-4C7C-BC0E-C397CF5EB97C}"
EndProject
Global
	GlobalSection(SolutionConfigurationPlatforms) = preSolution
		Debug|Any CPU = Debug|Any CPU
		Release|Any CPU = Release|Any CPU
	EndGlobalSection
	GlobalSection(ProjectConfigurationPlatforms) = postSolution
		{5E107E27-0C30-4EAA-9564-9B4CF07B90B3}.Debug|Any CPU.ActiveCfg = Debug|Any CPU
		{5E107E27-0C30-4EAA-9564-9B4CF07B90B3}.Debug|Any CPU.Build.0 = Debug|Any CPU
		{5E107E27-0C30-4EAA-9564-9B4CF07B90B3}.Release|Any CPU.ActiveCfg = Release|Any CPU
		{5E107E27-0C30-4EAA-9564-9B4CF07B90B3}.Release|Any CPU.Build.0 = Release|Any CPU
		{6295143B-6759-499C-BC3D-D703F5CF9D4A}.Debug|Any CPU.ActiveCfg = Debug|Any CPU
		{6295143B-6759-499C-BC3D-D703F5CF9D4A}.Debug|Any CPU.Build.0 = Debug|Any CPU
		{6295143B-6759-499C-BC3D-D703F5CF9D4A}.Release|Any CPU.ActiveCfg = Release|Any CPU
		{6295143B-6759-499C-BC3D-D703F5CF9D4A}.Release|Any CPU.Build.0 = Release|Any CPU
		{5644631F-4964-4C7C-BC0E-C397CF5EB97C}.Debug|Any CPU.ActiveCfg = Debug|Any CPU
		{5644631F-4964-4C7C-BC0E-C397CF5EB97C}.Debug|Any CPU.Build.0 = Debug|Any CPU
		{5644631F-4964-4C7C-BC0E-C397CF5EB97C}.Release|Any CPU.ActiveCfg = Release|Any CPU
		{5644631F-4964-4C7C-BC0E-C397CF5EB97C}.Release|Any CPU.Build.0 = Release|Any CPU
	EndGlobalSection
	GlobalSection(SolutionProperties) = preSolution
		HideSolutionNode = FALSE
	EndGlobalSection
	GlobalSection(ExtensibilityGlobals) = postSolution
		SolutionGuid = {05590CE1-123A-4F32-AC51-6BF5FC011E0A}
	EndGlobalSection
EndGlobal
